
Microsoft Visual Studio Solution File, Format Version 12.00
# Visual Studio Version 17
VisualStudioVersion = 17.2.32616.157
MinimumVisualStudioVersion = 10.0.40219.1
Project("{9A19103F-16F7-4668-BE54-9A1E7A4F7556}") = "WebApp.Server", "WebApp\Server\WebApp.Server.csproj", "{55C9313E-8AC5-4EF1-81A6-ED4430871F13}"
EndProject
Project("{9A19103F-16F7-4668-BE54-9A1E7A4F7556}") = "WebApp.Client", "WebApp\Client\WebApp.Client.csproj", "{34EC83CC-1C14-43C0-8B19-1BED300B3BB2}"
EndProject
Project("{9A19103F-16F7-4668-BE54-9A1E7A4F7556}") = "WebApp.Shared", "WebApp\Shared\WebApp.Shared.csproj", "{095DBC42-A6AE-4346-A1CB-C540F617C08F}"
EndProject
Project("{2150E333-8FDC-42A3-9474-1A3956D46DE8}") = "Services", "Services", "{263012EE-CB86-4773-9CDE-9EB74BCF8EA2}"
EndProject
Project("{2150E333-8FDC-42A3-9474-1A3956D46DE8}") = "Sales", "Sales", "{D49A990B-010B-4305-B533-23AEC2EAAA29}"
EndProject
Project("{2150E333-8FDC-42A3-9474-1A3956D46DE8}") = "Catalog", "Catalog", "{ED257CDE-82A7-4C8E-9B70-0930732DE539}"
EndProject
Project("{9A19103F-16F7-4668-BE54-9A1E7A4F7556}") = "Sales.API", "Sales.API\Sales.API.csproj", "{07ACB6CA-24BE-4DCA-85E9-6A35AD1D9875}"
EndProject
Project("{9A19103F-16F7-4668-BE54-9A1E7A4F7556}") = "Sales.API.Model", "Sales.API.Model\Sales.API.Model.csproj", "{BEBA4D75-25FF-47CE-A49C-7BD16186FD7A}"
EndProject
Project("{9A19103F-16F7-4668-BE54-9A1E7A4F7556}") = "Services.Data.Sample", "Services.Data.Sample\Services.Data.Sample.csproj", "{3AAE2A1C-408A-44B0-B913-EDD519447FFE}"
EndProject
Project("{9A19103F-16F7-4668-BE54-9A1E7A4F7556}") = "Sales.API.Events", "Sales.API.Events\Sales.API.Events.csproj", "{8B4896FB-F813-46A5-BEB5-E09A035B6879}"
EndProject
Project("{9A19103F-16F7-4668-BE54-9A1E7A4F7556}") = "Catalog.API.Model", "Catalog.API.Model\Catalog.API.Model.csproj", "{214300DE-2621-4533-A596-9E511F65F160}"
EndProject
Project("{9A19103F-16F7-4668-BE54-9A1E7A4F7556}") = "Catalog.API", "Catalog.API\Catalog.API.csproj", "{19FDFFF2-A0A8-4B0D-8D02-FE0A4985CCE4}"
EndProject
Project("{9A19103F-16F7-4668-BE54-9A1E7A4F7556}") = "Sales.Razor", "Sales.Razor\Sales.Razor.csproj", "{B1147004-DFC8-434C-9B31-92E30EFE4D0F}"
EndProject
Project("{9A19103F-16F7-4668-BE54-9A1E7A4F7556}") = "ITOps.Utilities", "ITOps.Utilities\ITOps.Utilities.csproj", "{DBF60665-F5C1-4D5D-8F4C-8AABEFC87C6A}"
EndProject
Project("{FAE04EC0-301F-11D3-BF4B-00C04F79EFBC}") = "Catalog.Razor", "Catalog.Razor\Catalog.Razor.csproj", "{4A07C2C6-290C-4E3B-BEBA-FDEEEB7C2CC3}"
EndProject
Global
	GlobalSection(SolutionConfigurationPlatforms) = preSolution
		Debug|Any CPU = Debug|Any CPU
		Release|Any CPU = Release|Any CPU
	EndGlobalSection
	GlobalSection(ProjectConfigurationPlatforms) = postSolution
		{55C9313E-8AC5-4EF1-81A6-ED4430871F13}.Debug|Any CPU.ActiveCfg = Debug|Any CPU
		{55C9313E-8AC5-4EF1-81A6-ED4430871F13}.Debug|Any CPU.Build.0 = Debug|Any CPU
		{55C9313E-8AC5-4EF1-81A6-ED4430871F13}.Release|Any CPU.ActiveCfg = Release|Any CPU
		{55C9313E-8AC5-4EF1-81A6-ED4430871F13}.Release|Any CPU.Build.0 = Release|Any CPU
		{34EC83CC-1C14-43C0-8B19-1BED300B3BB2}.Debug|Any CPU.ActiveCfg = Debug|Any CPU
		{34EC83CC-1C14-43C0-8B19-1BED300B3BB2}.Debug|Any CPU.Build.0 = Debug|Any CPU
		{34EC83CC-1C14-43C0-8B19-1BED300B3BB2}.Release|Any CPU.ActiveCfg = Release|Any CPU
		{34EC83CC-1C14-43C0-8B19-1BED300B3BB2}.Release|Any CPU.Build.0 = Release|Any CPU
		{095DBC42-A6AE-4346-A1CB-C540F617C08F}.Debug|Any CPU.ActiveCfg = Debug|Any CPU
		{095DBC42-A6AE-4346-A1CB-C540F617C08F}.Debug|Any CPU.Build.0 = Debug|Any CPU
		{095DBC42-A6AE-4346-A1CB-C540F617C08F}.Release|Any CPU.ActiveCfg = Release|Any CPU
		{095DBC42-A6AE-4346-A1CB-C540F617C08F}.Release|Any CPU.Build.0 = Release|Any CPU
		{07ACB6CA-24BE-4DCA-85E9-6A35AD1D9875}.Debug|Any CPU.ActiveCfg = Debug|Any CPU
		{07ACB6CA-24BE-4DCA-85E9-6A35AD1D9875}.Debug|Any CPU.Build.0 = Debug|Any CPU
		{07ACB6CA-24BE-4DCA-85E9-6A35AD1D9875}.Release|Any CPU.ActiveCfg = Release|Any CPU
		{07ACB6CA-24BE-4DCA-85E9-6A35AD1D9875}.Release|Any CPU.Build.0 = Release|Any CPU
		{BEBA4D75-25FF-47CE-A49C-7BD16186FD7A}.Debug|Any CPU.ActiveCfg = Debug|Any CPU
		{BEBA4D75-25FF-47CE-A49C-7BD16186FD7A}.Debug|Any CPU.Build.0 = Debug|Any CPU
		{BEBA4D75-25FF-47CE-A49C-7BD16186FD7A}.Release|Any CPU.ActiveCfg = Release|Any CPU
		{BEBA4D75-25FF-47CE-A49C-7BD16186FD7A}.Release|Any CPU.Build.0 = Release|Any CPU
		{3AAE2A1C-408A-44B0-B913-EDD519447FFE}.Debug|Any CPU.ActiveCfg = Debug|Any CPU
		{3AAE2A1C-408A-44B0-B913-EDD519447FFE}.Debug|Any CPU.Build.0 = Debug|Any CPU
		{3AAE2A1C-408A-44B0-B913-EDD519447FFE}.Release|Any CPU.ActiveCfg = Release|Any CPU
		{3AAE2A1C-408A-44B0-B913-EDD519447FFE}.Release|Any CPU.Build.0 = Release|Any CPU
		{8B4896FB-F813-46A5-BEB5-E09A035B6879}.Debug|Any CPU.ActiveCfg = Debug|Any CPU
		{8B4896FB-F813-46A5-BEB5-E09A035B6879}.Debug|Any CPU.Build.0 = Debug|Any CPU
		{8B4896FB-F813-46A5-BEB5-E09A035B6879}.Release|Any CPU.ActiveCfg = Release|Any CPU
		{8B4896FB-F813-46A5-BEB5-E09A035B6879}.Release|Any CPU.Build.0 = Release|Any CPU
		{214300DE-2621-4533-A596-9E511F65F160}.Debug|Any CPU.ActiveCfg = Debug|Any CPU
		{214300DE-2621-4533-A596-9E511F65F160}.Debug|Any CPU.Build.0 = Debug|Any CPU
		{214300DE-2621-4533-A596-9E511F65F160}.Release|Any CPU.ActiveCfg = Release|Any CPU
		{214300DE-2621-4533-A596-9E511F65F160}.Release|Any CPU.Build.0 = Release|Any CPU
		{19FDFFF2-A0A8-4B0D-8D02-FE0A4985CCE4}.Debug|Any CPU.ActiveCfg = Debug|Any CPU
		{19FDFFF2-A0A8-4B0D-8D02-FE0A4985CCE4}.Debug|Any CPU.Build.0 = Debug|Any CPU
		{19FDFFF2-A0A8-4B0D-8D02-FE0A4985CCE4}.Release|Any CPU.ActiveCfg = Release|Any CPU
		{19FDFFF2-A0A8-4B0D-8D02-FE0A4985CCE4}.Release|Any CPU.Build.0 = Release|Any CPU
		{B1147004-DFC8-434C-9B31-92E30EFE4D0F}.Debug|Any CPU.ActiveCfg = Debug|Any CPU
		{B1147004-DFC8-434C-9B31-92E30EFE4D0F}.Debug|Any CPU.Build.0 = Debug|Any CPU
		{B1147004-DFC8-434C-9B31-92E30EFE4D0F}.Release|Any CPU.ActiveCfg = Release|Any CPU
		{B1147004-DFC8-434C-9B31-92E30EFE4D0F}.Release|Any CPU.Build.0 = Release|Any CPU
		{DBF60665-F5C1-4D5D-8F4C-8AABEFC87C6A}.Debug|Any CPU.ActiveCfg = Debug|Any CPU
		{DBF60665-F5C1-4D5D-8F4C-8AABEFC87C6A}.Debug|Any CPU.Build.0 = Debug|Any CPU
		{DBF60665-F5C1-4D5D-8F4C-8AABEFC87C6A}.Release|Any CPU.ActiveCfg = Release|Any CPU
		{DBF60665-F5C1-4D5D-8F4C-8AABEFC87C6A}.Release|Any CPU.Build.0 = Release|Any CPU
		{4A07C2C6-290C-4E3B-BEBA-FDEEEB7C2CC3}.Debug|Any CPU.ActiveCfg = Debug|Any CPU
		{4A07C2C6-290C-4E3B-BEBA-FDEEEB7C2CC3}.Debug|Any CPU.Build.0 = Debug|Any CPU
		{4A07C2C6-290C-4E3B-BEBA-FDEEEB7C2CC3}.Release|Any CPU.ActiveCfg = Release|Any CPU
		{4A07C2C6-290C-4E3B-BEBA-FDEEEB7C2CC3}.Release|Any CPU.Build.0 = Release|Any CPU
	EndGlobalSection
	GlobalSection(SolutionProperties) = preSolution
		HideSolutionNode = FALSE
	EndGlobalSection
	GlobalSection(NestedProjects) = preSolution
		{D49A990B-010B-4305-B533-23AEC2EAAA29} = {263012EE-CB86-4773-9CDE-9EB74BCF8EA2}
		{ED257CDE-82A7-4C8E-9B70-0930732DE539} = {263012EE-CB86-4773-9CDE-9EB74BCF8EA2}
		{07ACB6CA-24BE-4DCA-85E9-6A35AD1D9875} = {D49A990B-010B-4305-B533-23AEC2EAAA29}
		{BEBA4D75-25FF-47CE-A49C-7BD16186FD7A} = {D49A990B-010B-4305-B533-23AEC2EAAA29}
		{3AAE2A1C-408A-44B0-B913-EDD519447FFE} = {263012EE-CB86-4773-9CDE-9EB74BCF8EA2}
		{8B4896FB-F813-46A5-BEB5-E09A035B6879} = {D49A990B-010B-4305-B533-23AEC2EAAA29}
		{214300DE-2621-4533-A596-9E511F65F160} = {ED257CDE-82A7-4C8E-9B70-0930732DE539}
		{19FDFFF2-A0A8-4B0D-8D02-FE0A4985CCE4} = {ED257CDE-82A7-4C8E-9B70-0930732DE539}
		{B1147004-DFC8-434C-9B31-92E30EFE4D0F} = {D49A990B-010B-4305-B533-23AEC2EAAA29}
		{4A07C2C6-290C-4E3B-BEBA-FDEEEB7C2CC3} = {ED257CDE-82A7-4C8E-9B70-0930732DE539}
	EndGlobalSection
	GlobalSection(ExtensibilityGlobals) = postSolution
		SolutionGuid = {B4CA132F-FB54-40A0-BFD7-5F246E8D7035}
	EndGlobalSection
EndGlobal
